
Microsoft Visual Studio Solution File, Format Version 12.00
# Visual Studio Version 17
VisualStudioVersion = 17.13.35825.156 d17.13
MinimumVisualStudioVersion = 10.0.40219.1
Project("{FAE04EC0-301F-11D3-BF4B-00C04F79EFBC}") = "ProductApp", "ProductApp\ProductApp.csproj", "{30A41C60-19DF-43DF-9867-391F6A8D5B95}"
EndProject
Global
	GlobalSection(SolutionConfigurationPlatforms) = preSolution
		Debug|Any CPU = Debug|Any CPU
		Release|Any CPU = Release|Any CPU
	EndGlobalSection
	GlobalSection(ProjectConfigurationPlatforms) = postSolution
		{30A41C60-19DF-43DF-9867-391F6A8D5B95}.Debug|Any CPU.ActiveCfg = Debug|Any CPU
		{30A41C60-19DF-43DF-9867-391F6A8D5B95}.Debug|Any CPU.Build.0 = Debug|Any CPU
		{30A41C60-19DF-43DF-9867-391F6A8D5B95}.Release|Any CPU.ActiveCfg = Release|Any CPU
		{30A41C60-19DF-43DF-9867-391F6A8D5B95}.Release|Any CPU.Build.0 = Release|Any CPU
	EndGlobalSection
	GlobalSection(SolutionProperties) = preSolution
		HideSolutionNode = FALSE
	EndGlobalSection
	GlobalSection(ExtensibilityGlobals) = postSolution
		SolutionGuid = {F1A57B79-F9B4-4819-9C86-CCCEB6C19309}
	EndGlobalSection
EndGlobal
